
Microsoft Visual Studio Solution File, Format Version 11.00
# Visual Studio 2010
Project("{FAE04EC0-301F-11D3-BF4B-00C04F79EFBC}") = "Justin_cBot_2_mod", "Justin_cBot_2_mod\Justin_cBot_2_mod.csproj", "{56C5521E-5327-4F19-A144-34D546E1B8AA}"
EndProject
Global
	GlobalSection(SolutionConfigurationPlatforms) = preSolution
		Debug|Any CPU = Debug|Any CPU
		Release|Any CPU = Release|Any CPU
	EndGlobalSection
	GlobalSection(ProjectConfigurationPlatforms) = postSolution
		{56C5521E-5327-4F19-A144-34D546E1B8AA}.Debug|Any CPU.ActiveCfg = Debug|Any CPU
		{56C5521E-5327-4F19-A144-34D546E1B8AA}.Debug|Any CPU.Build.0 = Debug|Any CPU
		{56C5521E-5327-4F19-A144-34D546E1B8AA}.Release|Any CPU.ActiveCfg = Release|Any CPU
		{56C5521E-5327-4F19-A144-34D546E1B8AA}.Release|Any CPU.Build.0 = Release|Any CPU
	EndGlobalSection
	GlobalSection(SolutionProperties) = preSolution
		HideSolutionNode = FALSE
	EndGlobalSection
EndGlobal
