
Microsoft Visual Studio Solution File, Format Version 11.00
# Visual Studio 2010
Project("{FAE04EC0-301F-11D3-BF4B-00C04F79EFBC}") = "Long_Scalper_cBot", "Long_Scalper_cBot\Long_Scalper_cBot.csproj", "{0872DC21-1C16-4D00-8278-5896E70B6B60}"
EndProject
Global
	GlobalSection(SolutionConfigurationPlatforms) = preSolution
		Debug|Any CPU = Debug|Any CPU
		Release|Any CPU = Release|Any CPU
	EndGlobalSection
	GlobalSection(ProjectConfigurationPlatforms) = postSolution
		{0872DC21-1C16-4D00-8278-5896E70B6B60}.Debug|Any CPU.ActiveCfg = Debug|Any CPU
		{0872DC21-1C16-4D00-8278-5896E70B6B60}.Debug|Any CPU.Build.0 = Debug|Any CPU
		{0872DC21-1C16-4D00-8278-5896E70B6B60}.Release|Any CPU.ActiveCfg = Release|Any CPU
		{0872DC21-1C16-4D00-8278-5896E70B6B60}.Release|Any CPU.Build.0 = Release|Any CPU
	EndGlobalSection
	GlobalSection(SolutionProperties) = preSolution
		HideSolutionNode = FALSE
	EndGlobalSection
EndGlobal
